github.com/ianmadd/hab-source/content/hab v0.0.0-20200413235052-21e1832976fe h1:72wA5BeWXwwwgnevTKhJkabewXpXgkcbjdLX/lMoGAY=
github.com/ianmadd/hab-source/content/hab v0.0.0-20200413235052-21e1832976fe/go.mod h1:ehiM4Kkailh2qfeoQNckRkHjJxtyG9yuh7crtBrG8Gg=
github.com/ianmadd/hugo-xmin v0.0.0-20200313211638-03c81c37318e h1:n/ITVGMc5vRUPTTjk2AxM40W/C3314VaIVjSHZuavbs=
github.com/ianmadd/hugo-xmin v0.0.0-20200313211638-03c81c37318e/go.mod h1:9DduG0PyrhE0xlpdLx9tg9Gp/PcyyodXRF8bvxB0T1U=
